
Microsoft Visual Studio Solution File, Format Version 12.00
# Visual Studio 14
VisualStudioVersion = 14.0.25420.1
MinimumVisualStudioVersion = 10.0.40219.1
Project("{F2A71F9B-5D33-465A-A702-920D77279786}") = "Fizil", "Fizil\Fizil.fsproj", "{3102E28F-605F-467B-A861-F916BA175FE9}"
	ProjectSection(ProjectDependencies) = postProject
		{D276E42D-5A7B-441A-9F5D-1CA7E35BB0E1} = {D276E42D-5A7B-441A-9F5D-1CA7E35BB0E1}
	EndProjectSection
EndProject
Project("{FAE04EC0-301F-11D3-BF4B-00C04F79EFBC}") = "TinyTest", "TinyTest\TinyTest.csproj", "{D276E42D-5A7B-441A-9F5D-1CA7E35BB0E1}"
EndProject
Project("{2150E333-8FDC-42A3-9474-1A3956D46DE8}") = "Solution Items", "Solution Items", "{E674EAC6-D848-4DAC-AEAF-37C2EBD4CA3B}"
	ProjectSection(SolutionItems) = preProject
		.gitignore = .gitignore
		license.txt = license.txt
		paket.dependencies = paket.dependencies
		paket.lock = paket.lock
		readme.md = readme.md
	EndProjectSection
EndProject
Project("{F2A71F9B-5D33-465A-A702-920D77279786}") = "Fizil.Instrumentation", "Fizil.Instrumentation\Fizil.Instrumentation.fsproj", "{5ABA511E-4E97-4DF9-902F-48EFA4090D92}"
EndProject
Project("{F2A71F9B-5D33-465A-A702-920D77279786}") = "JsonNetTest", "JsonNetTest\JsonNetTest.fsproj", "{EA745DB3-E011-461B-BFBB-77FE0C48D718}"
EndProject
Project("{F2A71F9B-5D33-465A-A702-920D77279786}") = "Fizil.Tests", "Fizil.Tests\Fizil.Tests.fsproj", "{A907477C-1185-42B0-821B-8619D035A71C}"
EndProject
Project("{F2A71F9B-5D33-465A-A702-920D77279786}") = "LinesToFiles", "LinesToFiles\LinesToFiles.fsproj", "{A89110FC-34BB-4A74-BC80-8CC2BF9E234D}"
EndProject
Project("{F2A71F9B-5D33-465A-A702-920D77279786}") = "StJson", "StJson\StJson.fsproj", "{8671BFBC-EE11-44FB-A506-274C1AA65B3E}"
EndProject
Project("{F2A71F9B-5D33-465A-A702-920D77279786}") = "StJson.Tests", "StJson.Tests\StJson.Tests.fsproj", "{08C3CDB2-3FEE-439C-BA37-D168FEEE351F}"
EndProject
Project("{F2A71F9B-5D33-465A-A702-920D77279786}") = "Fizil.Tracing", "Fizil.Tracing\Fizil.Tracing.fsproj", "{D44CF5B8-168B-443B-A821-F38C637C2B46}"
EndProject
Global
	GlobalSection(Performance) = preSolution
		HasPerformanceSessions = true
	EndGlobalSection
	GlobalSection(SolutionConfigurationPlatforms) = preSolution
		Debug|Any CPU = Debug|Any CPU
		Release|Any CPU = Release|Any CPU
	EndGlobalSection
	GlobalSection(ProjectConfigurationPlatforms) = postSolution
		{3102E28F-605F-467B-A861-F916BA175FE9}.Debug|Any CPU.ActiveCfg = Debug|Any CPU
		{3102E28F-605F-467B-A861-F916BA175FE9}.Debug|Any CPU.Build.0 = Debug|Any CPU
		{3102E28F-605F-467B-A861-F916BA175FE9}.Release|Any CPU.ActiveCfg = Release|Any CPU
		{3102E28F-605F-467B-A861-F916BA175FE9}.Release|Any CPU.Build.0 = Release|Any CPU
		{D276E42D-5A7B-441A-9F5D-1CA7E35BB0E1}.Debug|Any CPU.ActiveCfg = Debug|Any CPU
		{D276E42D-5A7B-441A-9F5D-1CA7E35BB0E1}.Debug|Any CPU.Build.0 = Debug|Any CPU
		{D276E42D-5A7B-441A-9F5D-1CA7E35BB0E1}.Release|Any CPU.ActiveCfg = Release|Any CPU
		{D276E42D-5A7B-441A-9F5D-1CA7E35BB0E1}.Release|Any CPU.Build.0 = Release|Any CPU
		{5ABA511E-4E97-4DF9-902F-48EFA4090D92}.Debug|Any CPU.ActiveCfg = Debug|Any CPU
		{5ABA511E-4E97-4DF9-902F-48EFA4090D92}.Debug|Any CPU.Build.0 = Debug|Any CPU
		{5ABA511E-4E97-4DF9-902F-48EFA4090D92}.Release|Any CPU.ActiveCfg = Release|Any CPU
		{5ABA511E-4E97-4DF9-902F-48EFA4090D92}.Release|Any CPU.Build.0 = Release|Any CPU
		{EA745DB3-E011-461B-BFBB-77FE0C48D718}.Debug|Any CPU.ActiveCfg = Debug|Any CPU
		{EA745DB3-E011-461B-BFBB-77FE0C48D718}.Debug|Any CPU.Build.0 = Debug|Any CPU
		{EA745DB3-E011-461B-BFBB-77FE0C48D718}.Release|Any CPU.ActiveCfg = Release|Any CPU
		{EA745DB3-E011-461B-BFBB-77FE0C48D718}.Release|Any CPU.Build.0 = Release|Any CPU
		{A907477C-1185-42B0-821B-8619D035A71C}.Debug|Any CPU.ActiveCfg = Debug|Any CPU
		{A907477C-1185-42B0-821B-8619D035A71C}.Debug|Any CPU.Build.0 = Debug|Any CPU
		{A907477C-1185-42B0-821B-8619D035A71C}.Release|Any CPU.ActiveCfg = Release|Any CPU
		{A907477C-1185-42B0-821B-8619D035A71C}.Release|Any CPU.Build.0 = Release|Any CPU
		{A89110FC-34BB-4A74-BC80-8CC2BF9E234D}.Debug|Any CPU.ActiveCfg = Debug|Any CPU
		{A89110FC-34BB-4A74-BC80-8CC2BF9E234D}.Debug|Any CPU.Build.0 = Debug|Any CPU
		{A89110FC-34BB-4A74-BC80-8CC2BF9E234D}.Release|Any CPU.ActiveCfg = Release|Any CPU
		{A89110FC-34BB-4A74-BC80-8CC2BF9E234D}.Release|Any CPU.Build.0 = Release|Any CPU
		{8671BFBC-EE11-44FB-A506-274C1AA65B3E}.Debug|Any CPU.ActiveCfg = Debug|Any CPU
		{8671BFBC-EE11-44FB-A506-274C1AA65B3E}.Debug|Any CPU.Build.0 = Debug|Any CPU
		{8671BFBC-EE11-44FB-A506-274C1AA65B3E}.Release|Any CPU.ActiveCfg = Release|Any CPU
		{8671BFBC-EE11-44FB-A506-274C1AA65B3E}.Release|Any CPU.Build.0 = Release|Any CPU
		{08C3CDB2-3FEE-439C-BA37-D168FEEE351F}.Debug|Any CPU.ActiveCfg = Debug|Any CPU
		{08C3CDB2-3FEE-439C-BA37-D168FEEE351F}.Debug|Any CPU.Build.0 = Debug|Any CPU
		{08C3CDB2-3FEE-439C-BA37-D168FEEE351F}.Release|Any CPU.ActiveCfg = Release|Any CPU
		{08C3CDB2-3FEE-439C-BA37-D168FEEE351F}.Release|Any CPU.Build.0 = Release|Any CPU
		{D44CF5B8-168B-443B-A821-F38C637C2B46}.Debug|Any CPU.ActiveCfg = Debug|Any CPU
		{D44CF5B8-168B-443B-A821-F38C637C2B46}.Debug|Any CPU.Build.0 = Debug|Any CPU
		{D44CF5B8-168B-443B-A821-F38C637C2B46}.Release|Any CPU.ActiveCfg = Release|Any CPU
		{D44CF5B8-168B-443B-A821-F38C637C2B46}.Release|Any CPU.Build.0 = Release|Any CPU
	EndGlobalSection
	GlobalSection(SolutionProperties) = preSolution
		HideSolutionNode = FALSE
	EndGlobalSection
EndGlobal
